
Microsoft Visual Studio Solution File, Format Version 12.00
# Visual Studio Version 17
VisualStudioVersion = 17.11.35327.3
MinimumVisualStudioVersion = 10.0.40219.1
Project("{9A19103F-16F7-4668-BE54-9A1E7A4F7556}") = "HealthCheck", "src\HealthCheck\HealthCheck.csproj", "{085FFD7C-916C-45FD-8D0F-B47FE7337CBD}"
EndProject
Project("{2150E333-8FDC-42A3-9474-1A3956D46DE8}") = "src", "src", "{CD61239B-E0C5-4B34-A893-F3C4770EA7C9}"
EndProject
Project("{2150E333-8FDC-42A3-9474-1A3956D46DE8}") = "docs", "docs", "{709C3870-806A-4C1C-BFEE-5DCD884AAAA2}"
	ProjectSection(SolutionItems) = preProject
		docs\BUILD.md = docs\BUILD.md
		README.md = README.md
		docs\SAMPLE.md = docs\SAMPLE.md
	EndProjectSection
EndProject
Project("{2150E333-8FDC-42A3-9474-1A3956D46DE8}") = "sample", "sample", "{C4A829F4-5CBF-4743-8AB0-7C6BB71CD885}"
EndProject
Project("{9A19103F-16F7-4668-BE54-9A1E7A4F7556}") = "WebApplicationSample", "sample\WebApplicationSample\WebApplicationSample.csproj", "{0ABCA387-86CE-47D0-AF8E-68E6389E41A1}"
EndProject
Project("{2150E333-8FDC-42A3-9474-1A3956D46DE8}") = "tests", "tests", "{E92EFFE2-5765-43FF-AEA0-AB9EB2361CF7}"
EndProject
Project("{FAE04EC0-301F-11D3-BF4B-00C04F79EFBC}") = "TestContainer.Net9", "tests\TestContainer.Net9\TestContainer.Net9.csproj", "{47F9695D-DCBE-4BC7-9988-5FB3F3E41F08}"
EndProject
Project("{FAE04EC0-301F-11D3-BF4B-00C04F79EFBC}") = "TestContainer.Net8", "tests\TestContainer.Net8\TestContainer.Net8.csproj", "{01AB5663-BF2F-45E7-95A4-6AA20D6D6C1B}"
EndProject
Project("{2150E333-8FDC-42A3-9474-1A3956D46DE8}") = "Solution Items", "Solution Items", "{A2E018F4-BDB8-4921-A1A3-B80C24FDB020}"
	ProjectSection(SolutionItems) = preProject
		.editorconfig = .editorconfig
	EndProjectSection
EndProject
Project("{FAE04EC0-301F-11D3-BF4B-00C04F79EFBC}") = "HealthCheck.EndToEndTests", "tests\HealthCheck.EndToEndTests\HealthCheck.EndToEndTests.csproj", "{0B38933C-D6E5-4280-951A-633C120F47C6}"
EndProject
Global
	GlobalSection(SolutionConfigurationPlatforms) = preSolution
		Debug|Any CPU = Debug|Any CPU
		Release|Any CPU = Release|Any CPU
	EndGlobalSection
	GlobalSection(ProjectConfigurationPlatforms) = postSolution
		{085FFD7C-916C-45FD-8D0F-B47FE7337CBD}.Debug|Any CPU.ActiveCfg = Debug|Any CPU
		{085FFD7C-916C-45FD-8D0F-B47FE7337CBD}.Debug|Any CPU.Build.0 = Debug|Any CPU
		{085FFD7C-916C-45FD-8D0F-B47FE7337CBD}.Release|Any CPU.ActiveCfg = Release|Any CPU
		{085FFD7C-916C-45FD-8D0F-B47FE7337CBD}.Release|Any CPU.Build.0 = Release|Any CPU
		{0ABCA387-86CE-47D0-AF8E-68E6389E41A1}.Debug|Any CPU.ActiveCfg = Debug|Any CPU
		{0ABCA387-86CE-47D0-AF8E-68E6389E41A1}.Debug|Any CPU.Build.0 = Debug|Any CPU
		{0ABCA387-86CE-47D0-AF8E-68E6389E41A1}.Release|Any CPU.ActiveCfg = Release|Any CPU
		{0ABCA387-86CE-47D0-AF8E-68E6389E41A1}.Release|Any CPU.Build.0 = Release|Any CPU
		{47F9695D-DCBE-4BC7-9988-5FB3F3E41F08}.Debug|Any CPU.ActiveCfg = Debug|Any CPU
		{47F9695D-DCBE-4BC7-9988-5FB3F3E41F08}.Debug|Any CPU.Build.0 = Debug|Any CPU
		{47F9695D-DCBE-4BC7-9988-5FB3F3E41F08}.Release|Any CPU.ActiveCfg = Release|Any CPU
		{47F9695D-DCBE-4BC7-9988-5FB3F3E41F08}.Release|Any CPU.Build.0 = Release|Any CPU
		{01AB5663-BF2F-45E7-95A4-6AA20D6D6C1B}.Debug|Any CPU.ActiveCfg = Debug|Any CPU
		{01AB5663-BF2F-45E7-95A4-6AA20D6D6C1B}.Debug|Any CPU.Build.0 = Debug|Any CPU
		{01AB5663-BF2F-45E7-95A4-6AA20D6D6C1B}.Release|Any CPU.ActiveCfg = Release|Any CPU
		{01AB5663-BF2F-45E7-95A4-6AA20D6D6C1B}.Release|Any CPU.Build.0 = Release|Any CPU
		{0B38933C-D6E5-4280-951A-633C120F47C6}.Debug|Any CPU.ActiveCfg = Debug|Any CPU
		{0B38933C-D6E5-4280-951A-633C120F47C6}.Debug|Any CPU.Build.0 = Debug|Any CPU
		{0B38933C-D6E5-4280-951A-633C120F47C6}.Release|Any CPU.ActiveCfg = Release|Any CPU
		{0B38933C-D6E5-4280-951A-633C120F47C6}.Release|Any CPU.Build.0 = Release|Any CPU
	EndGlobalSection
	GlobalSection(SolutionProperties) = preSolution
		HideSolutionNode = FALSE
	EndGlobalSection
	GlobalSection(NestedProjects) = preSolution
		{085FFD7C-916C-45FD-8D0F-B47FE7337CBD} = {CD61239B-E0C5-4B34-A893-F3C4770EA7C9}
		{0ABCA387-86CE-47D0-AF8E-68E6389E41A1} = {C4A829F4-5CBF-4743-8AB0-7C6BB71CD885}
		{47F9695D-DCBE-4BC7-9988-5FB3F3E41F08} = {E92EFFE2-5765-43FF-AEA0-AB9EB2361CF7}
		{01AB5663-BF2F-45E7-95A4-6AA20D6D6C1B} = {E92EFFE2-5765-43FF-AEA0-AB9EB2361CF7}
		{0B38933C-D6E5-4280-951A-633C120F47C6} = {E92EFFE2-5765-43FF-AEA0-AB9EB2361CF7}
	EndGlobalSection
	GlobalSection(ExtensibilityGlobals) = postSolution
		SolutionGuid = {40A059D1-8162-4322-9E7F-E7879B8D59FA}
	EndGlobalSection
EndGlobal
